{
  "version": 4,
  "terraform_version": "1.9.7",
  "serial": 6,
  "lineage": "98a65793-3c7a-ab21-7bcb-7c3a5ac120e8",
  "outputs": {
    "instance_id": {
      "value": "2102196592522774677",
      "type": "string"
    },
    "public_ip": {
      "value": "34.133.89.124",
      "type": "string"
    }
  },
  "resources": [
    {
      "mode": "managed",
      "type": "google_compute_firewall",
      "name": "allow_http",
      "provider": "provider[\"registry.terraform.io/hashicorp/google\"]",
      "instances": [
        {
          "schema_version": 1,
          "attributes": {
            "allow": [
              {
                "ports": [
                  "3000"
                ],
                "protocol": "tcp"
              }
            ],
            "creation_timestamp": "2025-04-09T15:36:40.982-07:00",
            "deny": [],
            "description": "",
            "destination_ranges": [],
            "direction": "INGRESS",
            "disabled": false,
            "enable_logging": null,
            "id": "projects/alpine-agent-454803-t3/global/firewalls/allow-http",
            "log_config": [],
            "name": "allow-http",
            "network": "https://www.googleapis.com/compute/v1/projects/alpine-agent-454803-t3/global/networks/default",
            "priority": 1000,
            "project": "alpine-agent-454803-t3",
            "self_link": "https://www.googleapis.com/compute/v1/projects/alpine-agent-454803-t3/global/firewalls/allow-http",
            "source_ranges": [
              "0.0.0.0/0"
            ],
            "source_service_accounts": null,
            "source_tags": null,
            "target_service_accounts": null,
            "target_tags": null,
            "timeouts": null
          },
          "sensitive_attributes": [],
          "private": "eyJlMmJmYjczMC1lY2FhLTExZTYtOGY4OC0zNDM2M2JjN2M0YzAiOnsiY3JlYXRlIjoxMjAwMDAwMDAwMDAwLCJkZWxldGUiOjEyMDAwMDAwMDAwMDAsInVwZGF0ZSI6MTIwMDAwMDAwMDAwMH0sInNjaGVtYV92ZXJzaW9uIjoiMSJ9"
        }
      ]
    },
    {
      "mode": "managed",
      "type": "google_compute_instance",
      "name": "frontend",
      "provider": "provider[\"registry.terraform.io/hashicorp/google\"]",
      "instances": [
        {
          "schema_version": 6,
          "attributes": {
            "advanced_machine_features": [],
            "allow_stopping_for_update": null,
            "attached_disk": [],
            "boot_disk": [
              {
                "auto_delete": true,
                "device_name": "persistent-disk-0",
                "disk_encryption_key_raw": "",
                "disk_encryption_key_sha256": "",
                "initialize_params": [
                  {
                    "image": "https://www.googleapis.com/compute/v1/projects/ubuntu-os-cloud/global/images/ubuntu-2004-focal-v20240307b",
                    "labels": {},
                    "resource_manager_tags": null,
                    "size": 10,
                    "type": "pd-standard"
                  }
                ],
                "kms_key_self_link": "",
                "mode": "READ_WRITE",
                "source": "https://www.googleapis.com/compute/v1/projects/alpine-agent-454803-t3/zones/us-central1-c/disks/frontend-terraform"
              }
            ],
            "can_ip_forward": false,
            "confidential_instance_config": [],
            "cpu_platform": "Intel Broadwell",
            "current_status": "RUNNING",
            "deletion_protection": false,
            "description": "",
            "desired_status": null,
            "enable_display": false,
            "guest_accelerator": [],
            "hostname": "",
            "id": "projects/alpine-agent-454803-t3/zones/us-central1-c/instances/frontend-terraform",
            "instance_id": "2102196592522774677",
            "label_fingerprint": "42WmSpB8rSM=",
            "labels": null,
            "machine_type": "e2-small",
            "metadata": {
              "ssh-keys": "barreravelasquezluis:ssh-rsa AAAAB3NzaC1yc2EAAAADAQABAAABAQC6fmPCN23tba8khnrsXLdNfB3Tk5Ut8vDguBGGrurbaCC9EkvZN41Icpywv0HYHCiJ+HO2m5qGyaW3wVNdgHQ8MFsl3Q5lj3YIyDK7z4fvoxBZMWiWC80rC7jDETgdppM5WDPteFRad+ecsWiPETqIypFx6D6JvsT6aguLqhRfW0gtlQsdYr2oPIh3gzfRDQzqlJU262tc+iEsOwsF2X85UQVzbTYdKQBWS7rZvt74ps9uVog+2U1S4NbHYHw6TXEc4vhAt5ownOj24wXhU60s3fZCwiZ6SAeBABfOrYNVnIVz8YtXfPQbfjGz/ov8lXr2R/VBVrX3EsQ188dbqirr\n"
            },
            "metadata_fingerprint": "HSDTqDEj9c4=",
            "metadata_startup_script": null,
            "min_cpu_platform": "",
            "name": "frontend-terraform",
            "network_interface": [
              {
                "access_config": [
                  {
                    "nat_ip": "34.133.89.124",
                    "network_tier": "PREMIUM",
                    "public_ptr_domain_name": ""
                  }
                ],
                "alias_ip_range": [],
                "internal_ipv6_prefix_length": 0,
                "ipv6_access_config": [],
                "ipv6_access_type": "",
                "ipv6_address": "",
                "name": "nic0",
                "network": "https://www.googleapis.com/compute/v1/projects/alpine-agent-454803-t3/global/networks/default",
                "network_ip": "10.128.0.9",
                "nic_type": "",
                "queue_count": 0,
                "stack_type": "IPV4_ONLY",
                "subnetwork": "https://www.googleapis.com/compute/v1/projects/alpine-agent-454803-t3/regions/us-central1/subnetworks/default",
                "subnetwork_project": "alpine-agent-454803-t3"
              }
            ],
            "network_performance_config": [],
            "params": [],
            "project": "alpine-agent-454803-t3",
            "reservation_affinity": [],
            "resource_policies": null,
            "scheduling": [
              {
                "automatic_restart": true,
                "instance_termination_action": "",
                "local_ssd_recovery_timeout": [],
                "min_node_cpus": 0,
                "node_affinities": [],
                "on_host_maintenance": "MIGRATE",
                "preemptible": false,
                "provisioning_model": "STANDARD"
              }
            ],
            "scratch_disk": [],
            "self_link": "https://www.googleapis.com/compute/v1/projects/alpine-agent-454803-t3/zones/us-central1-c/instances/frontend-terraform",
            "service_account": [],
            "shielded_instance_config": [
              {
                "enable_integrity_monitoring": true,
                "enable_secure_boot": false,
                "enable_vtpm": true
              }
            ],
            "tags": null,
            "tags_fingerprint": "42WmSpB8rSM=",
            "timeouts": null,
            "zone": "us-central1-c"
          },
          "sensitive_attributes": [
            [
              {
                "type": "get_attr",
                "value": "boot_disk"
              },
              {
                "type": "index",
                "value": {
                  "value": 0,
                  "type": "number"
                }
              },
              {
                "type": "get_attr",
                "value": "disk_encryption_key_raw"
              }
            ]
          ],
          "private": "eyJlMmJmYjczMC1lY2FhLTExZTYtOGY4OC0zNDM2M2JjN2M0YzAiOnsiY3JlYXRlIjoxMjAwMDAwMDAwMDAwLCJkZWxldGUiOjEyMDAwMDAwMDAwMDAsInVwZGF0ZSI6MTIwMDAwMDAwMDAwMH0sInNjaGVtYV92ZXJzaW9uIjoiNiJ9",
          "dependencies": [
            "tls_private_key.example_ssh"
          ]
        }
      ]
    },
    {
      "mode": "managed",
      "type": "local_file",
      "name": "private_key",
      "provider": "provider[\"registry.terraform.io/hashicorp/local\"]",
      "instances": [
        {
          "schema_version": 0,
          "attributes": {
            "content": "-----BEGIN RSA PRIVATE KEY-----\nMIIEpAIBAAKCAQEAun5jwjdt7W2vJIZ67Fy3TXwd05OVLfLw4LgRhq7q22ggvRJL\n2TeNSHKcsL9B2Bwoifhztpuahsmlt8FTXYB0PDBbJd0OZY92CMgyu8+H76MQWTFo\nlgvNKwu4wxE4HaaTOVgz7XhUWnfnnLFojxE6iMqRceg+ib7E+moLi6oUX1tILZUL\nHWK9qDyId4M30Q0M6pSVNutrXPohLDsLBdl/OVEFc202HSkAVku62b7e+KbPblaI\nPtlNUuDWx2B8Ok1xHOL4QLeaMJzo9uMF4VOtLN32QsImekgHgQAXzq2DVZyFc/GL\nV3z0G34xs/6L/JV69kf1QVa19xLENfPHW6oq6wIDAQABAoIBAB2ZpffTmG0Q9bWU\narpNVQLFam6EhC8Q2k6wqId6B+jfNCMOXl+Rw6j2GAytrqPAhGaxupwHQpWWN+lc\nlADJPKm4+x6dYYWZKaDnNbY9kFPmy9d8Uh9OrDfi2maLux5prAB0EXnlmW3qjiZ+\nuhvLHkFL9Z3gwNxYHSep4T8/tZAUxXO3+bOwvUhhl/E6+d6WO67Iz7+MwtFFpUs0\npvSB6Z/MWHUcLWfH6GkC1re1srp/fNBkvtDfV5s/j89tb1vVR9T6OtGo2KoHB7KQ\nEEkrhZklsKW9ZIe0B4IeB3M/v7/aSlynYcx6ZYwRCvYZBv7yIQz7T3GFeTZ/AHSZ\nMtGwNnECgYEAzLX72NQIXjGPjau7Ujw3t/4JQhkMnDGTUaFRBDhG3B1yw2d6BejW\niLwzCpLY4WFGj1AvqnngWVymMEWZx7D8JMMfSelYDBnG4CPRZCwkXGjOrTQ9Jv8l\nO+IosdsGtfgFsI6IAdD6GSrkduR9eLWCj8xUtpMxI/wG/22UTOV7LK8CgYEA6Tf4\nKJkhQJMBb3q9b1A3X7pG8XPliyUXAlFszbob6YCf/JvbgArYcWCf22Gdhqr18wpG\n+mBcOHaeZVzg+FUHYEdnP5iZh56lKhutGdObuyp1IRphgLWMPzBApN/VyLMJUKob\nXNX/rgniv7RiL8cFh87VKQCefSkpOpRBkO8YTIUCgYEAiO0A89t/bWHBH4XK2gql\nSlCFaMzQfnk6jNNWGXh7DSg1ZzaDjAhd1z/q9BudLcOfKqT7/Q9gXOV307n6TnO3\nc+9/sjR+TDnBqJLMsDBGcfk4pOnYLYlkIlX32l8icfzf8WSk3HInl0X1YwEaW+8s\n0Xpe/3Ac4nDlTVzCYVztsskCgYEA4XCIAv6bRSeVkKSuL8bz8CZJ46crscjFqCj7\nqxaHWr1Kac5jbS+OsHI9tLx0oLPsEebSW78ABlirnsIcehD/k1MSfEhPyOhTMhQU\nzU1fUZqmJLyymc9k5cQICRiSOHLQw1fcIW5/vEW0GaoN669QKkqGhR8jFUvPnd+o\nTajB7V0CgYBRoIxaE04yJEOKh9Xg5MOOmMOehpj8b/X9L97RCIP26+DBzzKywXz2\nX/07WamQOibzagh0dT8LYVxywrvs4l1A6hswhr4Krxy/HzxICF2m7NxauZQ/zL8y\n9hbEszxpLf8eoc5u8OWG8qXreFCzkjAqXa43oUHTS2omX3oEcqkRHA==\n-----END RSA PRIVATE KEY-----\n",
            "content_base64": null,
            "content_base64sha256": "R+eJGQw/p9vzGSJlVgcmAGzkBh+8CNNrc/vmD8leeTw=",
            "content_base64sha512": "07VfjpGXe0vxOx0eDhu/mx6ef+3LIesiI67MGCbFqBKIPT9f5Wp443cPM6iZWz0melnvEIVmFJIF28di7/kbgw==",
            "content_md5": "031735d0024e3fea9489d24c9a60c85c",
            "content_sha1": "9488bbbc970875c8fbc8f948f32c60aaed265eb0",
            "content_sha256": "47e789190c3fa7dbf3192265560726006ce4061fbc08d36b73fbe60fc95e793c",
            "content_sha512": "d3b55f8e91977b4bf13b1d1e0e1bbf9b1e9e7fedcb21eb2223aecc1826c5a812883d3f5fe56a78e3770f33a8995b3d267a59ef108566149205dbc762eff91b83",
            "directory_permission": "0777",
            "file_permission": "0600",
            "filename": "./key.pem",
            "id": "9488bbbc970875c8fbc8f948f32c60aaed265eb0",
            "sensitive_content": null,
            "source": null
          },
          "sensitive_attributes": [
            [
              {
                "type": "get_attr",
                "value": "content"
              }
            ],
            [
              {
                "type": "get_attr",
                "value": "sensitive_content"
              }
            ]
          ],
          "dependencies": [
            "tls_private_key.example_ssh"
          ]
        }
      ]
    },
    {
      "mode": "managed",
      "type": "local_file",
      "name": "public_key",
      "provider": "provider[\"registry.terraform.io/hashicorp/local\"]",
      "instances": [
        {
          "schema_version": 0,
          "attributes": {
            "content": "ssh-rsa AAAAB3NzaC1yc2EAAAADAQABAAABAQC6fmPCN23tba8khnrsXLdNfB3Tk5Ut8vDguBGGrurbaCC9EkvZN41Icpywv0HYHCiJ+HO2m5qGyaW3wVNdgHQ8MFsl3Q5lj3YIyDK7z4fvoxBZMWiWC80rC7jDETgdppM5WDPteFRad+ecsWiPETqIypFx6D6JvsT6aguLqhRfW0gtlQsdYr2oPIh3gzfRDQzqlJU262tc+iEsOwsF2X85UQVzbTYdKQBWS7rZvt74ps9uVog+2U1S4NbHYHw6TXEc4vhAt5ownOj24wXhU60s3fZCwiZ6SAeBABfOrYNVnIVz8YtXfPQbfjGz/ov8lXr2R/VBVrX3EsQ188dbqirr\n",
            "content_base64": null,
            "content_base64sha256": "GD2AZXmFKEI0PEeQg+MvjMcBLsySyrPkuQi+Je7W3Kc=",
            "content_base64sha512": "GCNM8EXULw/+sA5WPe0VXK95uqMAoCdurTVziPJAUdz++MBHdO13OdhF5u+4e7UKDpdlxM/9q5HLesAinbxtHQ==",
            "content_md5": "5f7f59a3ffe9ba9ff8a44095e5ad7b38",
            "content_sha1": "71b3cd63a431318e72ef21bdb160e6f7fbd824b9",
            "content_sha256": "183d806579852842343c479083e32f8cc7012ecc92cab3e4b908be25eed6dca7",
            "content_sha512": "18234cf045d42f0ffeb00e563ded155caf79baa300a0276ead357388f24051dcfef8c04774ed7739d845e6efb87bb50a0e9765c4cffdab91cb7ac0229dbc6d1d",
            "directory_permission": "0777",
            "file_permission": "0777",
            "filename": "./key.pub",
            "id": "71b3cd63a431318e72ef21bdb160e6f7fbd824b9",
            "sensitive_content": null,
            "source": null
          },
          "sensitive_attributes": [
            [
              {
                "type": "get_attr",
                "value": "sensitive_content"
              }
            ]
          ],
          "dependencies": [
            "tls_private_key.example_ssh"
          ]
        }
      ]
    },
    {
      "mode": "managed",
      "type": "tls_private_key",
      "name": "example_ssh",
      "provider": "provider[\"registry.terraform.io/hashicorp/tls\"]",
      "instances": [
        {
          "schema_version": 1,
          "attributes": {
            "algorithm": "RSA",
            "ecdsa_curve": "P224",
            "id": "a1fd77a7885d16be87828fc3effec095ab9c0670",
            "private_key_openssh": "-----BEGIN OPENSSH PRIVATE KEY-----\nb3BlbnNzaC1rZXktdjEAAAAABG5vbmUAAAAEbm9uZQAAAAAAAAABAAABFwAAAAdz\nc2gtcnNhAAAAAwEAAQAAAQEAun5jwjdt7W2vJIZ67Fy3TXwd05OVLfLw4LgRhq7q\n22ggvRJL2TeNSHKcsL9B2Bwoifhztpuahsmlt8FTXYB0PDBbJd0OZY92CMgyu8+H\n76MQWTFolgvNKwu4wxE4HaaTOVgz7XhUWnfnnLFojxE6iMqRceg+ib7E+moLi6oU\nX1tILZULHWK9qDyId4M30Q0M6pSVNutrXPohLDsLBdl/OVEFc202HSkAVku62b7e\n+KbPblaIPtlNUuDWx2B8Ok1xHOL4QLeaMJzo9uMF4VOtLN32QsImekgHgQAXzq2D\nVZyFc/GLV3z0G34xs/6L/JV69kf1QVa19xLENfPHW6oq6wAAA7i1IZlptSGZaQAA\nAAdzc2gtcnNhAAABAQC6fmPCN23tba8khnrsXLdNfB3Tk5Ut8vDguBGGrurbaCC9\nEkvZN41Icpywv0HYHCiJ+HO2m5qGyaW3wVNdgHQ8MFsl3Q5lj3YIyDK7z4fvoxBZ\nMWiWC80rC7jDETgdppM5WDPteFRad+ecsWiPETqIypFx6D6JvsT6aguLqhRfW0gt\nlQsdYr2oPIh3gzfRDQzqlJU262tc+iEsOwsF2X85UQVzbTYdKQBWS7rZvt74ps9u\nVog+2U1S4NbHYHw6TXEc4vhAt5ownOj24wXhU60s3fZCwiZ6SAeBABfOrYNVnIVz\n8YtXfPQbfjGz/ov8lXr2R/VBVrX3EsQ188dbqirrAAAAAwEAAQAAAQAdmaX305ht\nEPW1lGq6TVUCxWpuhIQvENpOsKiHegfo3zQjDl5fkcOo9hgMra6jwIRmsbqcB0KV\nljfpXJQAyTypuPsenWGFmSmg5zW2PZBT5svXfFIfTqw34tpmi7seaawAdBF55Zlt\n6o4mfrobyx5BS/Wd4MDcWB0nqeE/P7WQFMVzt/mzsL1IYZfxOvneljuuyM+/jMLR\nRaVLNKb0gemfzFh1HC1nx+hpAta3tbK6f3zQZL7Q31ebP4/PbW9b1UfU+jrRqNiq\nBweykBBJK4WZJbClvWSHtAeCHgdzP7+/2kpcp2HMemWMEQr2GQb+8iEM+09xhXk2\nfwB0mTLRsDZxAAAAgFGgjFoTTjIkQ4qH1eDkw46Yw56GmPxv9f0v3tEIg/br4MHP\nMrLBfPZf/TtZqZA6JvNqCHR1PwthXHLCu+ziXUDqGzCGvgqvHL8fPEgIXabs3Fq5\nlD/MvzL2FsSzPGkt/x6hzm7w5Ybypet4ULOSMCpdrjehQdNLaiZfegRyqREcAAAA\ngQDMtfvY1AheMY+Nq7tSPDe3/glCGQycMZNRoVEEOEbcHXLDZ3oF6NaIvDMKktjh\nYUaPUC+qeeBZXKYwRZnHsPwkwx9J6VgMGcbgI9FkLCRcaM6tND0m/yU74iix2wa1\n+AWwjogB0PoZKuR25H14tYKPzFS2kzEj/Ab/bZRM5XssrwAAAIEA6Tf4KJkhQJMB\nb3q9b1A3X7pG8XPliyUXAlFszbob6YCf/JvbgArYcWCf22Gdhqr18wpG+mBcOHae\nZVzg+FUHYEdnP5iZh56lKhutGdObuyp1IRphgLWMPzBApN/VyLMJUKobXNX/rgni\nv7RiL8cFh87VKQCefSkpOpRBkO8YTIUAAAAAAQID\n-----END OPENSSH PRIVATE KEY-----\n",
            "private_key_pem": "-----BEGIN RSA PRIVATE KEY-----\nMIIEpAIBAAKCAQEAun5jwjdt7W2vJIZ67Fy3TXwd05OVLfLw4LgRhq7q22ggvRJL\n2TeNSHKcsL9B2Bwoifhztpuahsmlt8FTXYB0PDBbJd0OZY92CMgyu8+H76MQWTFo\nlgvNKwu4wxE4HaaTOVgz7XhUWnfnnLFojxE6iMqRceg+ib7E+moLi6oUX1tILZUL\nHWK9qDyId4M30Q0M6pSVNutrXPohLDsLBdl/OVEFc202HSkAVku62b7e+KbPblaI\nPtlNUuDWx2B8Ok1xHOL4QLeaMJzo9uMF4VOtLN32QsImekgHgQAXzq2DVZyFc/GL\nV3z0G34xs/6L/JV69kf1QVa19xLENfPHW6oq6wIDAQABAoIBAB2ZpffTmG0Q9bWU\narpNVQLFam6EhC8Q2k6wqId6B+jfNCMOXl+Rw6j2GAytrqPAhGaxupwHQpWWN+lc\nlADJPKm4+x6dYYWZKaDnNbY9kFPmy9d8Uh9OrDfi2maLux5prAB0EXnlmW3qjiZ+\nuhvLHkFL9Z3gwNxYHSep4T8/tZAUxXO3+bOwvUhhl/E6+d6WO67Iz7+MwtFFpUs0\npvSB6Z/MWHUcLWfH6GkC1re1srp/fNBkvtDfV5s/j89tb1vVR9T6OtGo2KoHB7KQ\nEEkrhZklsKW9ZIe0B4IeB3M/v7/aSlynYcx6ZYwRCvYZBv7yIQz7T3GFeTZ/AHSZ\nMtGwNnECgYEAzLX72NQIXjGPjau7Ujw3t/4JQhkMnDGTUaFRBDhG3B1yw2d6BejW\niLwzCpLY4WFGj1AvqnngWVymMEWZx7D8JMMfSelYDBnG4CPRZCwkXGjOrTQ9Jv8l\nO+IosdsGtfgFsI6IAdD6GSrkduR9eLWCj8xUtpMxI/wG/22UTOV7LK8CgYEA6Tf4\nKJkhQJMBb3q9b1A3X7pG8XPliyUXAlFszbob6YCf/JvbgArYcWCf22Gdhqr18wpG\n+mBcOHaeZVzg+FUHYEdnP5iZh56lKhutGdObuyp1IRphgLWMPzBApN/VyLMJUKob\nXNX/rgniv7RiL8cFh87VKQCefSkpOpRBkO8YTIUCgYEAiO0A89t/bWHBH4XK2gql\nSlCFaMzQfnk6jNNWGXh7DSg1ZzaDjAhd1z/q9BudLcOfKqT7/Q9gXOV307n6TnO3\nc+9/sjR+TDnBqJLMsDBGcfk4pOnYLYlkIlX32l8icfzf8WSk3HInl0X1YwEaW+8s\n0Xpe/3Ac4nDlTVzCYVztsskCgYEA4XCIAv6bRSeVkKSuL8bz8CZJ46crscjFqCj7\nqxaHWr1Kac5jbS+OsHI9tLx0oLPsEebSW78ABlirnsIcehD/k1MSfEhPyOhTMhQU\nzU1fUZqmJLyymc9k5cQICRiSOHLQw1fcIW5/vEW0GaoN669QKkqGhR8jFUvPnd+o\nTajB7V0CgYBRoIxaE04yJEOKh9Xg5MOOmMOehpj8b/X9L97RCIP26+DBzzKywXz2\nX/07WamQOibzagh0dT8LYVxywrvs4l1A6hswhr4Krxy/HzxICF2m7NxauZQ/zL8y\n9hbEszxpLf8eoc5u8OWG8qXreFCzkjAqXa43oUHTS2omX3oEcqkRHA==\n-----END RSA PRIVATE KEY-----\n",
            "private_key_pem_pkcs8": "-----BEGIN PRIVATE KEY-----\nMIIEvgIBADANBgkqhkiG9w0BAQEFAASCBKgwggSkAgEAAoIBAQC6fmPCN23tba8k\nhnrsXLdNfB3Tk5Ut8vDguBGGrurbaCC9EkvZN41Icpywv0HYHCiJ+HO2m5qGyaW3\nwVNdgHQ8MFsl3Q5lj3YIyDK7z4fvoxBZMWiWC80rC7jDETgdppM5WDPteFRad+ec\nsWiPETqIypFx6D6JvsT6aguLqhRfW0gtlQsdYr2oPIh3gzfRDQzqlJU262tc+iEs\nOwsF2X85UQVzbTYdKQBWS7rZvt74ps9uVog+2U1S4NbHYHw6TXEc4vhAt5ownOj2\n4wXhU60s3fZCwiZ6SAeBABfOrYNVnIVz8YtXfPQbfjGz/ov8lXr2R/VBVrX3EsQ1\n88dbqirrAgMBAAECggEAHZml99OYbRD1tZRquk1VAsVqboSELxDaTrCoh3oH6N80\nIw5eX5HDqPYYDK2uo8CEZrG6nAdClZY36VyUAMk8qbj7Hp1hhZkpoOc1tj2QU+bL\n13xSH06sN+LaZou7HmmsAHQReeWZbeqOJn66G8seQUv1neDA3FgdJ6nhPz+1kBTF\nc7f5s7C9SGGX8Tr53pY7rsjPv4zC0UWlSzSm9IHpn8xYdRwtZ8foaQLWt7Wyun98\n0GS+0N9Xmz+Pz21vW9VH1Po60ajYqgcHspAQSSuFmSWwpb1kh7QHgh4Hcz+/v9pK\nXKdhzHpljBEK9hkG/vIhDPtPcYV5Nn8AdJky0bA2cQKBgQDMtfvY1AheMY+Nq7tS\nPDe3/glCGQycMZNRoVEEOEbcHXLDZ3oF6NaIvDMKktjhYUaPUC+qeeBZXKYwRZnH\nsPwkwx9J6VgMGcbgI9FkLCRcaM6tND0m/yU74iix2wa1+AWwjogB0PoZKuR25H14\ntYKPzFS2kzEj/Ab/bZRM5XssrwKBgQDpN/gomSFAkwFver1vUDdfukbxc+WLJRcC\nUWzNuhvpgJ/8m9uACthxYJ/bYZ2GqvXzCkb6YFw4dp5lXOD4VQdgR2c/mJmHnqUq\nG60Z05u7KnUhGmGAtYw/MECk39XIswlQqhtc1f+uCeK/tGIvxwWHztUpAJ59KSk6\nlEGQ7xhMhQKBgQCI7QDz239tYcEfhcraCqVKUIVozNB+eTqM01YZeHsNKDVnNoOM\nCF3XP+r0G50tw58qpPv9D2Bc5XfTufpOc7dz73+yNH5MOcGoksywMEZx+Tik6dgt\niWQiVffaXyJx/N/xZKTccieXRfVjARpb7yzRel7/cBzicOVNXMJhXO2yyQKBgQDh\ncIgC/ptFJ5WQpK4vxvPwJknjpyuxyMWoKPurFodavUppzmNtL46wcj20vHSgs+wR\n5tJbvwAGWKuewhx6EP+TUxJ8SE/I6FMyFBTNTV9RmqYkvLKZz2TlxAgJGJI4ctDD\nV9whbn+8RbQZqg3rr1AqSoaFHyMVS8+d36hNqMHtXQKBgFGgjFoTTjIkQ4qH1eDk\nw46Yw56GmPxv9f0v3tEIg/br4MHPMrLBfPZf/TtZqZA6JvNqCHR1PwthXHLCu+zi\nXUDqGzCGvgqvHL8fPEgIXabs3Fq5lD/MvzL2FsSzPGkt/x6hzm7w5Ybypet4ULOS\nMCpdrjehQdNLaiZfegRyqREc\n-----END PRIVATE KEY-----\n",
            "public_key_fingerprint_md5": "13:6c:cd:fd:b2:34:51:56:dd:45:21:32:0c:df:47:00",
            "public_key_fingerprint_sha256": "SHA256:zKRpbYf4nCoqK7sQzSlCWYKFos3fFQoD9gp6Nn+HlyQ",
            "public_key_openssh": "ssh-rsa AAAAB3NzaC1yc2EAAAADAQABAAABAQC6fmPCN23tba8khnrsXLdNfB3Tk5Ut8vDguBGGrurbaCC9EkvZN41Icpywv0HYHCiJ+HO2m5qGyaW3wVNdgHQ8MFsl3Q5lj3YIyDK7z4fvoxBZMWiWC80rC7jDETgdppM5WDPteFRad+ecsWiPETqIypFx6D6JvsT6aguLqhRfW0gtlQsdYr2oPIh3gzfRDQzqlJU262tc+iEsOwsF2X85UQVzbTYdKQBWS7rZvt74ps9uVog+2U1S4NbHYHw6TXEc4vhAt5ownOj24wXhU60s3fZCwiZ6SAeBABfOrYNVnIVz8YtXfPQbfjGz/ov8lXr2R/VBVrX3EsQ188dbqirr\n",
            "public_key_pem": "-----BEGIN PUBLIC KEY-----\nMIIBIjANBgkqhkiG9w0BAQEFAAOCAQ8AMIIBCgKCAQEAun5jwjdt7W2vJIZ67Fy3\nTXwd05OVLfLw4LgRhq7q22ggvRJL2TeNSHKcsL9B2Bwoifhztpuahsmlt8FTXYB0\nPDBbJd0OZY92CMgyu8+H76MQWTFolgvNKwu4wxE4HaaTOVgz7XhUWnfnnLFojxE6\niMqRceg+ib7E+moLi6oUX1tILZULHWK9qDyId4M30Q0M6pSVNutrXPohLDsLBdl/\nOVEFc202HSkAVku62b7e+KbPblaIPtlNUuDWx2B8Ok1xHOL4QLeaMJzo9uMF4VOt\nLN32QsImekgHgQAXzq2DVZyFc/GLV3z0G34xs/6L/JV69kf1QVa19xLENfPHW6oq\n6wIDAQAB\n-----END PUBLIC KEY-----\n",
            "rsa_bits": 2048
          },
          "sensitive_attributes": [
            [
              {
                "type": "get_attr",
                "value": "private_key_pem"
              }
            ],
            [
              {
                "type": "get_attr",
                "value": "private_key_openssh"
              }
            ],
            [
              {
                "type": "get_attr",
                "value": "private_key_pem_pkcs8"
              }
            ]
          ]
        }
      ]
    }
  ],
  "check_results": null
}
